// !$*UTF8*$!
{
	archiveVersion = 1;
	classes = {
	};
	objectVersion = 48;
	objects = {

/* Begin PBXBuildFile section */
		8223B95A1FF7EF2900A7E621 /* AppDelegate.swift in Sources */ = {isa = PBXBuildFile; fileRef = 8223B9591FF7EF2900A7E621 /* AppDelegate.swift */; };
		8223B95C1FF7EF2900A7E621 /* ViewController.swift in Sources */ = {isa = PBXBuildFile; fileRef = 8223B95B1FF7EF2900A7E621 /* ViewController.swift */; };
		8223B95F1FF7EF2900A7E621 /* Main.storyboard in Resources */ = {isa = PBXBuildFile; fileRef = 8223B95D1FF7EF2900A7E621 /* Main.storyboard */; };
		8223B9611FF7EF2900A7E621 /* Assets.xcassets in Resources */ = {isa = PBXBuildFile; fileRef = 8223B9601FF7EF2900A7E621 /* Assets.xcassets */; };
		8223B9641FF7EF2900A7E621 /* LaunchScreen.storyboard in Resources */ = {isa = PBXBuildFile; fileRef = 8223B9621FF7EF2900A7E621 /* LaunchScreen.storyboard */; };
/* End PBXBuildFile section */

/* Begin PBXFileReference section */
		8223B9561FF7EF2900A7E621 /* TestUIDocumentSave.app */ = {isa = PBXFileReference; explicitFileType = wrapper.application; includeInIndex = 0; path = TestUIDocumentSave.app; sourceTree = BUILT_PRODUCTS_DIR; };
		8223B9591FF7EF2900A7E621 /* AppDelegate.swift */ = {isa = PBXFileReference; lastKnownFileType = sourcecode.swift; path = AppDelegate.swift; sourceTree = "<group>"; };
		8223B95B1FF7EF2900A7E621 /* ViewController.swift */ = {isa = PBXFileReference; lastKnownFileType = sourcecode.swift; path = ViewController.swift; sourceTree = "<group>"; };
		8223B95E1FF7EF2900A7E621 /* Base */ = {isa = PBXFileReference; lastKnownFileType = file.storyboard; name = Base; path = Base.lproj/Main.storyboard; sourceTree = "<group>"; };
		8223B9601FF7EF2900A7E621 /* Assets.xcassets */ = {isa = PBXFileReference; lastKnownFileType = folder.assetcatalog; path = Assets.xcassets; sourceTree = "<group>"; };
		8223B9631FF7EF2900A7E621 /* Base */ = {isa = PBXFileReference; lastKnownFileType = file.storyboard; name = Base; path = Base.lproj/LaunchScreen.storyboard; sourceTree = "<group>"; };
		8223B9651FF7EF2900A7E621 /* Info.plist */ = {isa = PBXFileReference; lastKnownFileType = text.plist.xml; path = Info.plist; sourceTree = "<group>"; };
/* End PBXFileReference section */

/* Begin PBXFrameworksBuildPhase section */
		8223B9531FF7EF2900A7E621 /* Frameworks */ = {
			isa = PBXFrameworksBuildPhase;
			buildActionMask = 2147483647;
			files = (
			);
			runOnlyForDeploymentPostprocessing = 0;
		};
/* End PBXFrameworksBuildPhase section */

/* Begin PBXGroup section */
		8223B94D1FF7EF2900A7E621 = {
			isa = PBXGroup;
			children = (
				8223B9581FF7EF2900A7E621 /* TestUIDocumentSave */,
				8223B9571FF7EF2900A7E621 /* Products */,
			);
			sourceTree = "<group>";
		};
		8223B9571FF7EF2900A7E621 /* Products */ = {
			isa = PBXGroup;
			children = (
				8223B9561FF7EF2900A7E621 /* TestUIDocumentSave.app */,
			);
			name = Products;
			sourceTree = "<group>";
		};
		8223B9581FF7EF2900A7E621 /* TestUIDocumentSave */ = {
			isa = PBXGroup;
			children = (
				8223B9591FF7EF2900A7E621 /* AppDelegate.swift */,
				8223B95B1FF7EF2900A7E621 /* ViewController.swift */,
				8223B95D1FF7EF2900A7E621 /* Main.storyboard */,
				8223B9601FF7EF2900A7E621 /* Assets.xcassets */,
				8223B9621FF7EF2900A7E621 /* LaunchScreen.storyboard */,
				8223B9651FF7EF2900A7E621 /* Info.plist */,
			);
			path = TestUIDocumentSave;
			sourceTree = "<group>";
		};
/* End PBXGroup section */

/* Begin PBXNativeTarget section */
		8223B9551FF7EF2900A7E621 /* TestUIDocumentSave */ = {
			isa = PBXNativeTarget;
			buildConfigurationList = 8223B9681FF7EF2900A7E621 /* Build configuration list for PBXNativeTarget "TestUIDocumentSave" */;
			buildPhases = (
				8223B9521FF7EF2900A7E621 /* Sources */,
				8223B9531FF7EF2900A7E621 /* Frameworks */,
				8223B9541FF7EF2900A7E621 /* Resources */,
			);
			buildRules = (
			);
			dependencies = (
			);
			name = TestUIDocumentSave;
			productName = TestUIDocumentSave;
			productReference = 8223B9561FF7EF2900A7E621 /* TestUIDocumentSave.app */;
			productType = "com.apple.product-type.application";
		};
/* End PBXNativeTarget section */

/* Begin PBXProject section */
		8223B94E1FF7EF2900A7E621 /* Project object */ = {
			isa = PBXProject;
			attributes = {
				LastSwiftUpdateCheck = 0920;
				LastUpgradeCheck = 0920;
				ORGANIZATIONNAME = "Papoj Thamjaroenporn";
				TargetAttributes = {
					8223B9551FF7EF2900A7E621 = {
						CreatedOnToolsVersion = 9.2;
						ProvisioningStyle = Automatic;
					};
				};
			};
			buildConfigurationList = 8223B9511FF7EF2900A7E621 /* Build configuration list for PBXProject "TestUIDocumentSave" */;
			compatibilityVersion = "Xcode 8.0";
			developmentRegion = en;
			hasScannedForEncodings = 0;
			knownRegions = (
				en,
				Base,
			);
			mainGroup = 8223B94D1FF7EF2900A7E621;
			productRefGroup = 8223B9571FF7EF2900A7E621 /* Products */;
			projectDirPath = "";
			projectRoot = "";
			targets = (
				8223B9551FF7EF2900A7E621 /* TestUIDocumentSave */,
			);
		};
/* End PBXProject section */

/* Begin PBXResourcesBuildPhase section */
		8223B9541FF7EF2900A7E621 /* Resources */ = {
			isa = PBXResourcesBuildPhase;
			buildActionMask = 2147483647;
			files = (
				8223B9641FF7EF2900A7E621 /* LaunchScreen.storyboard in Resources */,
				8223B9611FF7EF2900A7E621 /* Assets.xcassets in Resources */,
				8223B95F1FF7EF2900A7E621 /* Main.storyboard in Resources */,
			);
			runOnlyForDeploymentPostprocessing = 0;
		};
/* End PBXResourcesBuildPhase section */

/* Begin PBXSourcesBuildPhase section */
		8223B9521FF7EF2900A7E621 /* Sources */ = {
			isa = PBXSourcesBuildPhase;
			buildActionMask = 2147483647;
			files = (
				8223B95C1FF7EF2900A7E621 /* ViewController.swift in Sources */,
				8223B95A1FF7EF2900A7E621 /* AppDelegate.swift in Sources */,
			);
			runOnlyForDeploymentPostprocessing = 0;
		};
/* End PBXSourcesBuildPhase section */

/* Begin PBXVariantGroup section */
		8223B95D1FF7EF2900A7E621 /* Main.storyboard */ = {
			isa = PBXVariantGroup;
			children = (
				8223B95E1FF7EF2900A7E621 /* Base */,
			);
			name = Main.storyboard;
			sourceTree = "<group>";
		};
		8223B9621FF7EF2900A7E621 /* LaunchScreen.storyboard */ = {
			isa = PBXVariantGroup;
			children = (
				8223B9631FF7EF2900A7E621 /* Base */,
			);
			name = LaunchScreen.storyboard;
			sourceTree = "<group>";
		};
/* End PBXVariantGroup section */

/* Begin XCBuildConfiguration section */
		8223B9661FF7EF2900A7E621 /* Debug */ = {
			isa = XCBuildConfiguration;
			buildSettings = {
				ALWAYS_SEARCH_USER_PATHS = NO;
				CLANG_ANALYZER_NONNULL = YES;
				CLANG_ANALYZER_NUMBER_OBJECT_CONVERSION = YES_AGGRESSIVE;
				CLANG_CXX_LANGUAGE_STANDARD = "gnu++14";
				CLANG_CXX_LIBRARY = "libc++";
				CLANG_ENABLE_MODULES = YES;
				CLANG_ENABLE_OBJC_ARC = YES;
				CLANG_WARN_BLOCK_CAPTURE_AUTORELEASING = YES;
				CLANG_WARN_BOOL_CONVERSION = YES;
				CLANG_WARN_COMMA = YES;
				CLANG_WARN_CONSTANT_CONVERSION = YES;
				CLANG_WARN_DIRECT_OBJC_ISA_USAGE = YES_ERROR;
				CLANG_WARN_DOCUMENTATION_COMMENTS = YES;
				CLANG_WARN_EMPTY_BODY = YES;
				CLANG_WARN_ENUM_CONVERSION = YES;
				CLANG_WARN_INFINITE_RECURSION = YES;
				CLANG_WARN_INT_CONVERSION = YES;
				CLANG_WARN_NON_LITERAL_NULL_CONVERSION = YES;
				CLANG_WARN_OBJC_LITERAL_CONVERSION = YES;
				CLANG_WARN_OBJC_ROOT_CLASS = YES_ERROR;
				CLANG_WARN_RANGE_LOOP_ANALYSIS = YES;
				CLANG_WARN_STRICT_PROTOTYPES = YES;
				CLANG_WARN_SUSPICIOUS_MOVE = YES;
				CLANG_WARN_UNGUARDED_AVAILABILITY = YES_AGGRESSIVE;
				CLANG_WARN_UNREACHABLE_CODE = YES;
				CLANG_WARN__DUPLICATE_METHOD_MATCH = YES;
				CODE_SIGN_IDENTITY = "iPhone Developer";
				COPY_PHASE_STRIP = NO;
				DEBUG_INFORMATION_FORMAT = dwarf;
				ENABLE_STRICT_OBJC_MSGSEND = YES;
				ENABLE_TESTABILITY = YES;
				GCC_C_LANGUAGE_STANDARD = gnu11;
				GCC_DYNAMIC_NO_PIC = NO;
				GCC_NO_COMMON_BLOCKS = YES;
				GCC_OPTIMIZATION_LEVEL = 0;
				GCC_PREPROCESSOR_DEFINITIONS = (
					"DEBUG=1",
					"$(inherited)",
				);
				GCC_WARN_64_TO_32_BIT_CONVERSION = YES;
				GCC_WARN_ABOUT_RETURN_TYPE = YES_ERROR;
				GCC_WARN_UNDECLARED_SELECTOR = YES;
				GCC_WARN_UNINITIALIZED_AUTOS = YES_AGGRESSIVE;
				GCC_WARN_UNUSED_FUNCTION = YES;
				GCC_WARN_UNUSED_VARIABLE = YES;
				IPHONEOS_DEPLOYMENT_TARGET = 11.2;
				MTL_ENABLE_DEBUG_INFO = YES;
				ONLY_ACTIVE_ARCH = YES;
				SDKROOT = iphoneos;
				SWIFT_ACTIVE_COMPILATION_CONDITIONS = DEBUG;
				SWIFT_OPTIMIZATION_LEVEL = "-Onone";
			};
			name = Debug;
		};
		8223B9671FF7EF2900A7E621 /* Release */ = {
			isa = XCBuildConfiguration;
			buildSettings = {
				ALWAYS_SEARCH_USER_PATHS = NO;
				CLANG_ANALYZER_NONNULL = YES;
				CLANG_ANALYZER_NUMBER_OBJECT_CONVERSION = YES_AGGRESSIVE;
				CLANG_CXX_LANGUAGE_STANDARD = "gnu++14";
				CLANG_CXX_LIBRARY = "libc++";
				CLANG_ENABLE_MODULES = YES;
				CLANG_ENABLE_OBJC_ARC = YES;
				CLANG_WARN_BLOCK_CAPTURE_AUTORELEASING = YES;
				CLANG_WARN_BOOL_CONVERSION = YES;
				CLANG_WARN_COMMA = YES;
				CLANG_WARN_CONSTANT_CONVERSION = YES;
				CLANG_WARN_DIRECT_OBJC_ISA_USAGE = YES_ERROR;
				CLANG_WARN_DOCUMENTATION_COMMENTS = YES;
				CLANG_WARN_EMPTY_BODY = YES;
				CLANG_WARN_ENUM_CONVERSION = YES;
				CLANG_WARN_INFINITE_RECURSION = YES;
				CLANG_WARN_INT_CONVERSION = YES;
				CLANG_WARN_NON_LITERAL_NULL_CONVERSION = YES;
				CLANG_WARN_OBJC_LITERAL_CONVERSION = YES;
				CLANG_WARN_OBJC_ROOT_CLASS = YES_ERROR;
				CLANG_WARN_RANGE_LOOP_ANALYSIS = YES;
				CLANG_WARN_STRICT_PROTOTYPES = YES;
				CLANG_WARN_SUSPICIOUS_MOVE = YES;
				CLANG_WARN_UNGUARDED_AVAILABILITY = YES_AGGRESSIVE;
				CLANG_WARN_UNREACHABLE_CODE = YES;
				CLANG_WARN__DUPLICATE_METHOD_MATCH = YES;
				CODE_SIGN_IDENTITY = "iPhone Developer";
				COPY_PHASE_STRIP = NO;
				DEBUG_INFORMATION_FORMAT = "dwarf-with-dsym";
				ENABLE_NS_ASSERTIONS = NO;
				ENABLE_STRICT_OBJC_MSGSEND = YES;
				GCC_C_LANGUAGE_STANDARD = gnu11;
				GCC_NO_COMMON_BLOCKS = YES;
				GCC_WARN_64_TO_32_BIT_CONVERSION = YES;
				GCC_WARN_ABOUT_RETURN_TYPE = YES_ERROR;
				GCC_WARN_UNDECLARED_SELECTOR = YES;
				GCC_WARN_UNINITIALIZED_AUTOS = YES_AGGRESSIVE;
				GCC_WARN_UNUSED_FUNCTION = YES;
				GCC_WARN_UNUSED_VARIABLE = YES;
				IPHONEOS_DEPLOYMENT_TARGET = 11.2;
				MTL_ENABLE_DEBUG_INFO = NO;
				SDKROOT = iphoneos;
				SWIFT_OPTIMIZATION_LEVEL = "-Owholemodule";
				VALIDATE_PRODUCT = YES;
			};
			name = Release;
		};
		8223B9691FF7EF2900A7E621 /* Debug */ = {
			isa = XCBuildConfiguration;
			buildSettings = {
				ASSETCATALOG_COMPILER_APPICON_NAME = AppIcon;
				CODE_SIGN_STYLE = Automatic;
				DEVELOPMENT_TEAM = VECF32DRUZ;
				INFOPLIST_FILE = TestUIDocumentSave/Info.plist;
				LD_RUNPATH_SEARCH_PATHS = "$(inherited) @executable_path/Frameworks";
				PRODUCT_BUNDLE_IDENTIFIER = PapojThamja.TestUIDocumentSave;
				PRODUCT_NAME = "$(TARGET_NAME)";
				SWIFT_VERSION = 4.0;
				TARGETED_DEVICE_FAMILY = "1,2";
			};
			name = Debug;
		};
		8223B96A1FF7EF2900A7E621 /* Release */ = {
			isa = XCBuildConfiguration;
			buildSettings = {
				ASSETCATALOG_COMPILER_APPICON_NAME = AppIcon;
				CODE_SIGN_STYLE = Automatic;
				DEVELOPMENT_TEAM = VECF32DRUZ;
				INFOPLIST_FILE = TestUIDocumentSave/Info.plist;
				LD_RUNPATH_SEARCH_PATHS = "$(inherited) @executable_path/Frameworks";
				PRODUCT_BUNDLE_IDENTIFIER = PapojThamja.TestUIDocumentSave;
				PRODUCT_NAME = "$(TARGET_NAME)";
				SWIFT_VERSION = 4.0;
				TARGETED_DEVICE_FAMILY = "1,2";
			};
			name = Release;
		};
/* End XCBuildConfiguration section */

/* Begin XCConfigurationList section */
		8223B9511FF7EF2900A7E621 /* Build configuration list for PBXProject "TestUIDocumentSave" */ = {
			isa = XCConfigurationList;
			buildConfigurations = (
				8223B9661FF7EF2900A7E621 /* Debug */,
				8223B9671FF7EF2900A7E621 /* Release */,
			);
			defaultConfigurationIsVisible = 0;
			defaultConfigurationName = Release;
		};
		8223B9681FF7EF2900A7E621 /* Build configuration list for PBXNativeTarget "TestUIDocumentSave" */ = {
			isa = XCConfigurationList;
			buildConfigurations = (
				8223B9691FF7EF2900A7E621 /* Debug */,
				8223B96A1FF7EF2900A7E621 /* Release */,
			);
			defaultConfigurationIsVisible = 0;
			defaultConfigurationName = Release;
		};
/* End XCConfigurationList section */
	};
	rootObject = 8223B94E1FF7EF2900A7E621 /* Project object */;
}
